
Microsoft Visual Studio Solution File, Format Version 12.00
# Visual Studio 15
VisualStudioVersion = 15.0.28010.2036
MinimumVisualStudioVersion = 10.0.40219.1
Project("{FAE04EC0-301F-11D3-BF4B-00C04F79EFBC}") = "LocalSearch2opt", "LocalSearch2opt\LocalSearch2opt.csproj", "{B3BE9C7C-26CA-42B8-A5BB-20B3AF3F96BE}"
EndProject
Global
	GlobalSection(SolutionConfigurationPlatforms) = preSolution
		Debug|Any CPU = Debug|Any CPU
		Release|Any CPU = Release|Any CPU
	EndGlobalSection
	GlobalSection(ProjectConfigurationPlatforms) = postSolution
		{B3BE9C7C-26CA-42B8-A5BB-20B3AF3F96BE}.Debug|Any CPU.ActiveCfg = Debug|Any CPU
		{B3BE9C7C-26CA-42B8-A5BB-20B3AF3F96BE}.Debug|Any CPU.Build.0 = Debug|Any CPU
		{B3BE9C7C-26CA-42B8-A5BB-20B3AF3F96BE}.Release|Any CPU.ActiveCfg = Release|Any CPU
		{B3BE9C7C-26CA-42B8-A5BB-20B3AF3F96BE}.Release|Any CPU.Build.0 = Release|Any CPU
	EndGlobalSection
	GlobalSection(SolutionProperties) = preSolution
		HideSolutionNode = FALSE
	EndGlobalSection
	GlobalSection(ExtensibilityGlobals) = postSolution
		SolutionGuid = {26567F8C-35E3-4F0E-B1E9-E589FA84D8A0}
	EndGlobalSection
EndGlobal
